
Microsoft Visual Studio Solution File, Format Version 12.00
#
Project("{FAE04EC0-301F-11D3-BF4B-00C04F79EFBC}") = "MessageBrokerClient.Host", "MessageBrokerClient.Host\MessageBrokerClient.Host.csproj", "{3049427D-B752-443E-9510-F3C547207FAC}"
EndProject
Project("{FAE04EC0-301F-11D3-BF4B-00C04F79EFBC}") = "MessageBroker", "MessageBroker\MessageBroker.csproj", "{D4DCAB0D-6006-4ADA-9AA1-89A7485C0F00}"
EndProject
Project("{FAE04EC0-301F-11D3-BF4B-00C04F79EFBC}") = "MessageBroker.ServiceBus", "MessageBroker.ServiceBus\MessageBroker.ServiceBus.csproj", "{A83185FA-2409-4E99-81EF-8F06878087A7}"
EndProject
Project("{FAE04EC0-301F-11D3-BF4B-00C04F79EFBC}") = "MessageBroker.RabbitMq", "MessageBroker.RabbitMq\MessageBroker.RabbitMq.csproj", "{68B2E124-1BD2-4C08-967C-EC10D4E140F8}"
EndProject
Project("{FAE04EC0-301F-11D3-BF4B-00C04F79EFBC}") = "MessageBroker.TopologyBuilder", "MessageBroker.TopologyBuilder\MessageBroker.TopologyBuilder.csproj", "{FCA46444-A025-4301-BBC7-72F5BF441E30}"
EndProject
Project("{FAE04EC0-301F-11D3-BF4B-00C04F79EFBC}") = "MessageBroker.PerformanceTests", "MessageBroker.PerformanceTests\MessageBroker.PerformanceTests.csproj", "{F3410ECB-084F-436F-872D-FC00FD376937}"
EndProject
Project("{2150E333-8FDC-42A3-9474-1A3956D46DE8}") = "tests", "tests", "{D4CE97D5-5E83-4391-95F7-6ACE5A839538}"
EndProject
Global
	GlobalSection(SolutionConfigurationPlatforms) = preSolution
		Debug|Any CPU = Debug|Any CPU
		Release|Any CPU = Release|Any CPU
	EndGlobalSection
	GlobalSection(ProjectConfigurationPlatforms) = postSolution
		{3049427D-B752-443E-9510-F3C547207FAC}.Debug|Any CPU.ActiveCfg = Debug|Any CPU
		{3049427D-B752-443E-9510-F3C547207FAC}.Debug|Any CPU.Build.0 = Debug|Any CPU
		{3049427D-B752-443E-9510-F3C547207FAC}.Release|Any CPU.ActiveCfg = Release|Any CPU
		{3049427D-B752-443E-9510-F3C547207FAC}.Release|Any CPU.Build.0 = Release|Any CPU
		{D4DCAB0D-6006-4ADA-9AA1-89A7485C0F00}.Debug|Any CPU.ActiveCfg = Debug|Any CPU
		{D4DCAB0D-6006-4ADA-9AA1-89A7485C0F00}.Debug|Any CPU.Build.0 = Debug|Any CPU
		{D4DCAB0D-6006-4ADA-9AA1-89A7485C0F00}.Release|Any CPU.ActiveCfg = Release|Any CPU
		{D4DCAB0D-6006-4ADA-9AA1-89A7485C0F00}.Release|Any CPU.Build.0 = Release|Any CPU
		{A83185FA-2409-4E99-81EF-8F06878087A7}.Debug|Any CPU.ActiveCfg = Debug|Any CPU
		{A83185FA-2409-4E99-81EF-8F06878087A7}.Debug|Any CPU.Build.0 = Debug|Any CPU
		{A83185FA-2409-4E99-81EF-8F06878087A7}.Release|Any CPU.ActiveCfg = Release|Any CPU
		{A83185FA-2409-4E99-81EF-8F06878087A7}.Release|Any CPU.Build.0 = Release|Any CPU
		{68B2E124-1BD2-4C08-967C-EC10D4E140F8}.Debug|Any CPU.ActiveCfg = Debug|Any CPU
		{68B2E124-1BD2-4C08-967C-EC10D4E140F8}.Debug|Any CPU.Build.0 = Debug|Any CPU
		{68B2E124-1BD2-4C08-967C-EC10D4E140F8}.Release|Any CPU.ActiveCfg = Release|Any CPU
		{68B2E124-1BD2-4C08-967C-EC10D4E140F8}.Release|Any CPU.Build.0 = Release|Any CPU
		{FCA46444-A025-4301-BBC7-72F5BF441E30}.Debug|Any CPU.ActiveCfg = Debug|Any CPU
		{FCA46444-A025-4301-BBC7-72F5BF441E30}.Debug|Any CPU.Build.0 = Debug|Any CPU
		{FCA46444-A025-4301-BBC7-72F5BF441E30}.Release|Any CPU.ActiveCfg = Release|Any CPU
		{FCA46444-A025-4301-BBC7-72F5BF441E30}.Release|Any CPU.Build.0 = Release|Any CPU
		{F3410ECB-084F-436F-872D-FC00FD376937}.Debug|Any CPU.ActiveCfg = Debug|Any CPU
		{F3410ECB-084F-436F-872D-FC00FD376937}.Debug|Any CPU.Build.0 = Debug|Any CPU
		{F3410ECB-084F-436F-872D-FC00FD376937}.Release|Any CPU.ActiveCfg = Release|Any CPU
		{F3410ECB-084F-436F-872D-FC00FD376937}.Release|Any CPU.Build.0 = Release|Any CPU
	EndGlobalSection
	GlobalSection(NestedProjects) = preSolution
		{F3410ECB-084F-436F-872D-FC00FD376937} = {D4CE97D5-5E83-4391-95F7-6ACE5A839538}
	EndGlobalSection
EndGlobal
